
Microsoft Visual Studio Solution File, Format Version 12.00
# Visual Studio Version 17
VisualStudioVersion = 17.14.35821.62 d17.14
MinimumVisualStudioVersion = 10.0.40219.1
Project("{FAE04EC0-301F-11D3-BF4B-00C04F79EFBC}") = "MyNUnitWeb", "MyNUnitWeb\MyNUnitWeb.csproj", "{36E14387-559C-4EFA-B6E8-BD7F27FE2904}"
EndProject
Global
	GlobalSection(SolutionConfigurationPlatforms) = preSolution
		Debug|Any CPU = Debug|Any CPU
		Release|Any CPU = Release|Any CPU
	EndGlobalSection
	GlobalSection(ProjectConfigurationPlatforms) = postSolution
		{36E14387-559C-4EFA-B6E8-BD7F27FE2904}.Debug|Any CPU.ActiveCfg = Debug|Any CPU
		{36E14387-559C-4EFA-B6E8-BD7F27FE2904}.Debug|Any CPU.Build.0 = Debug|Any CPU
		{36E14387-559C-4EFA-B6E8-BD7F27FE2904}.Release|Any CPU.ActiveCfg = Release|Any CPU
		{36E14387-559C-4EFA-B6E8-BD7F27FE2904}.Release|Any CPU.Build.0 = Release|Any CPU
	EndGlobalSection
	GlobalSection(SolutionProperties) = preSolution
		HideSolutionNode = FALSE
	EndGlobalSection
	GlobalSection(ExtensibilityGlobals) = postSolution
		SolutionGuid = {2393567A-1957-4A01-A6D1-7115BAA24AE6}
	EndGlobalSection
EndGlobal
